{
    "_readme": [
        "This file locks the dependencies of your project to a known state",
        "Read more about it at http://getcomposer.org/doc/01-basic-usage.md#composer-lock-the-lock-file"
    ],
    "hash": "c21a1668889b0f0eeead6e0ccc482446",
    "packages": [
        {
            "name": "components/highlightjs",
            "version": "7.3.0",
            "source": {
                "type": "git",
                "url": "https://github.com/components/highlightjs.git",
                "reference": "7.3.0"
            },
            "dist": {
                "type": "zip",
                "url": "https://api.github.com/repos/components/highlightjs/zipball/7.3.0",
                "reference": "7.3.0",
                "shasum": ""
            },
            "require": {
                "robloach/component-installer": "*"
            },
            "type": "component",
            "extra": {
                "component": {
                    "scripts": [
                        "highlight.pack.js"
                    ],
                    "files": [
                        "styles/*"
                    ],
                    "shim": {
                        "exports": "hljs"
                    }
                }
            },
            "notification-url": "https://packagist.org/downloads/",
            "license": [
                "BSD-3-Clause"
            ],
            "authors": [
                {
                    "name": "Ivan Sagalaev",
                    "email": "maniac@softwaremaniacs.org",
                    "homepage": "http://softwaremaniacs.org"
                }
            ],
            "description": "Highlight.js highlights syntax in code examples on blogs, forums and in fact on any web pages.",
            "time": "2013-04-24 15:11:49"
        },
        {
            "name": "components/revealjs",
            "version": "2.3.0",
            "source": {
                "type": "git",
                "url": "https://github.com/components/revealjs.git",
                "reference": "2.3.0"
            },
            "dist": {
                "type": "zip",
                "url": "https://api.github.com/repos/components/revealjs/zipball/2.3.0",
                "reference": "2.3.0",
                "shasum": ""
            },
            "require": {
                "robloach/component-installer": "*"
            },
            "type": "component",
            "extra": {
                "component": {
                    "scripts": [
                        "js/reveal.js"
                    ],
                    "styles": [
                        "css/reveal.css"
                    ],
                    "files": [
                        "css/reveal.min.css",
                        "js/reveal.min.js",
                        "css/theme/*.css",
                        "css/print/*.css",
                        "plugin/*/*"
                    ],
                    "shim": {
                        "exports": "Reveal"
                    }
                }
            },
            "notification-url": "https://packagist.org/downloads/",
            "license": [
                "MIT"
            ],
            "authors": [
                {
                    "name": "Hakim El Hattab",
                    "homepage": "http://hakim.se/"
                }
            ],
            "description": "The HTML Presentation Framework",
            "homepage": "http://lab.hakim.se/reveal-js/",
            "time": "2013-04-27 03:06:15"
        },
        {
            "name": "kriswallsmith/assetic",
            "version": "v1.0.4",
            "source": {
                "type": "git",
                "url": "http://github.com/kriswallsmith/assetic.git",
                "reference": "v1.0.4"
            },
            "dist": {
                "type": "zip",
                "url": "https://github.com/kriswallsmith/assetic/zipball/v1.0.4",
                "reference": "v1.0.4",
                "shasum": ""
            },
            "require": {
                "php": ">=5.3.1"
            },
            "type": "library",
            "autoload": {
                "psr-0": {
                    "Assetic": "src/"
                }
            },
            "notification-url": "https://packagist.org/downloads/",
            "license": [
                "MIT"
            ],
            "authors": [
                {
                    "name": "Kris Wallsmith",
                    "email": "kris.wallsmith@gmail.com",
                    "homepage": "http://kriswallsmith.net/"
                }
            ],
            "description": "Asset Management for PHP",
            "homepage": "https://github.com/kriswallsmith/assetic",
            "keywords": [
                "assets",
                "compression",
                "minification"
            ],
            "time": "2012-08-28 05:18:28"
        },
        {
            "name": "robloach/component-installer",
            "version": "0.0.6",
            "source": {
                "type": "git",
                "url": "https://github.com/RobLoach/component-installer.git",
                "reference": "0.0.6"
            },
            "dist": {
                "type": "zip",
                "url": "https://api.github.com/repos/RobLoach/component-installer/zipball/0.0.6",
                "reference": "0.0.6",
                "shasum": ""
            },
            "require": {
                "kriswallsmith/assetic": "1.*",
                "php": ">=5.3.2"
            },
            "require-dev": {
                "composer/composer": "1.0.*@dev",
                "phpunit/phpunit": "3.7.*"
            },
            "type": "composer-installer",
            "extra": {
                "class": "ComponentInstaller\\Installer"
            },
            "autoload": {
                "psr-0": {
                    "ComponentInstaller": "src/"
                }
            },
            "notification-url": "https://packagist.org/downloads/",
            "license": [
                "MIT"
            ],
            "authors": [
                {
                    "name": "Rob Loach",
                    "email": "robloach@gmail.com",
                    "homepage": "http://robloach.net"
                }
            ],
            "description": "Allows installation of Components via Composer.",
            "time": "2013-04-22 04:09:17"
        }
    ],
    "packages-dev": [

    ],
    "aliases": [

    ],
    "minimum-stability": "stable",
    "stability-flags": [

    ],
    "platform": [

    ],
    "platform-dev": [

    ]
}
